
Microsoft Visual Studio Solution File, Format Version 12.00
# Visual Studio 15
VisualStudioVersion = 15.0.28307.1145
MinimumVisualStudioVersion = 10.0.40219.1
Project("{FAE04EC0-301F-11D3-BF4B-00C04F79EFBC}") = "Macservice3", "Macservice3\Macservice3.csproj", "{3A0A7DB4-0736-4615-861B-5438F432D89F}"
EndProject
Global
	GlobalSection(SolutionConfigurationPlatforms) = preSolution
		Debug|Any CPU = Debug|Any CPU
		Release|Any CPU = Release|Any CPU
	EndGlobalSection
	GlobalSection(ProjectConfigurationPlatforms) = postSolution
		{3A0A7DB4-0736-4615-861B-5438F432D89F}.Debug|Any CPU.ActiveCfg = Debug|Any CPU
		{3A0A7DB4-0736-4615-861B-5438F432D89F}.Debug|Any CPU.Build.0 = Debug|Any CPU
		{3A0A7DB4-0736-4615-861B-5438F432D89F}.Release|Any CPU.ActiveCfg = Release|Any CPU
		{3A0A7DB4-0736-4615-861B-5438F432D89F}.Release|Any CPU.Build.0 = Release|Any CPU
	EndGlobalSection
	GlobalSection(SolutionProperties) = preSolution
		HideSolutionNode = FALSE
	EndGlobalSection
	GlobalSection(ExtensibilityGlobals) = postSolution
		SolutionGuid = {F811CD2E-18AB-472E-B1FC-0890A9EB1E38}
	EndGlobalSection
EndGlobal
